
Microsoft Visual Studio Solution File, Format Version 12.00
Project("{FAE04EC0-301F-11D3-BF4B-00C04F79EFBC}") = "Fluffybyte.FluffyServer", "Fluffybyte.FluffyServer\Fluffybyte.FluffyServer.csproj", "{9FD89D48-A0A9-4C4D-86E5-683410B20EC8}"
EndProject
Project("{FAE04EC0-301F-11D3-BF4B-00C04F79EFBC}") = "FluffyByte.Debugger", "FluffyByte.Debugger\FluffyByte.Debugger.csproj", "{F5426D2E-417D-459D-84AA-F7A99B4DBAC6}"
EndProject
Global
	GlobalSection(SolutionConfigurationPlatforms) = preSolution
		Debug|Any CPU = Debug|Any CPU
		Release|Any CPU = Release|Any CPU
	EndGlobalSection
	GlobalSection(ProjectConfigurationPlatforms) = postSolution
		{9FD89D48-A0A9-4C4D-86E5-683410B20EC8}.Debug|Any CPU.ActiveCfg = Debug|Any CPU
		{9FD89D48-A0A9-4C4D-86E5-683410B20EC8}.Debug|Any CPU.Build.0 = Debug|Any CPU
		{9FD89D48-A0A9-4C4D-86E5-683410B20EC8}.Release|Any CPU.ActiveCfg = Release|Any CPU
		{9FD89D48-A0A9-4C4D-86E5-683410B20EC8}.Release|Any CPU.Build.0 = Release|Any CPU
		{F5426D2E-417D-459D-84AA-F7A99B4DBAC6}.Debug|Any CPU.ActiveCfg = Debug|Any CPU
		{F5426D2E-417D-459D-84AA-F7A99B4DBAC6}.Debug|Any CPU.Build.0 = Debug|Any CPU
		{F5426D2E-417D-459D-84AA-F7A99B4DBAC6}.Release|Any CPU.ActiveCfg = Release|Any CPU
		{F5426D2E-417D-459D-84AA-F7A99B4DBAC6}.Release|Any CPU.Build.0 = Release|Any CPU
	EndGlobalSection
EndGlobal
